# THIS IS AN AUTOGENERATED FILE. DO NOT EDIT THIS FILE DIRECTLY.
# yarn lockfile v1


alertifyjs@^1.11.4:
  version "1.13.1"
  resolved "https://registry.yarnpkg.com/alertifyjs/-/alertifyjs-1.13.1.tgz#f1f0aeb86cfe996740d509ae0706fe3ca677ce50"
  integrity sha512-CckZE2dZDsEEXglOXKxT00vUDV5A6udZom+bn1XHdIWlbSFZgYq7UXCBlwkShhIH3Li/1VxLmr55GOQFQ12WSg==

animate.css@^3.7.2:
  version "3.7.2"
  resolved "https://registry.yarnpkg.com/animate.css/-/animate.css-3.7.2.tgz#e73e0d50e92cb1cfef1597d9b38a9481020e08ea"
  integrity sha512-0bE8zYo7C0KvgOYrSVfrzkbYk6IOTVPNqkiHg2cbyF4Pq/PXzilz4BRWA3hwEUBoMp5VBgrC29lQIZyhRWdBTw==

bootstrap@^3.4.1:
  version "3.4.1"
  resolved "https://registry.yarnpkg.com/bootstrap/-/bootstrap-3.4.1.tgz#c3a347d419e289ad11f4033e3c4132b87c081d72"
  integrity sha512-yN5oZVmRCwe5aKwzRj6736nSmKDX7pLYwsXiCj/EYmo16hODaBiT4En5btW/jhBF/seV+XMx3aYwukYC3A49DA==

flag-css@^1.0.5:
  version "1.0.5"
  resolved "https://registry.yarnpkg.com/flag-css/-/flag-css-1.0.5.tgz#ab9c0bed93745a6b8c493f09f8b42be2fd0a6d92"
  integrity sha512-QYBuuomIs94j7HFd13/B0Zq+erB2tHNLgUCUhY8QT9p3XzQNdvsgyVi8D+9cZLGukdqSoCMCBa0qMGlB6JVGbQ==

inputmask@^5.0.3:
  version "5.0.7"
  resolved "https://registry.yarnpkg.com/inputmask/-/inputmask-5.0.7.tgz#b04d5d4e1c85018893c3c8edb1a9f074b051007f"
  integrity sha512-rUxbRDS25KEib+c/Ow+K01oprU/+EK9t9SOPC8ov94/ftULGDqj1zOgRU/Hko6uzoKRMdwCfuhAafJ/Wk2wffQ==

jquery-table2excel@^1.1.1:
  version "1.1.1"
  resolved "https://registry.yarnpkg.com/jquery-table2excel/-/jquery-table2excel-1.1.1.tgz#90e71a6d4a13c4ac20526e24afad5f8622e12b56"
  integrity sha1-kOcabUoTxKwgUm4kr61fhiLhK1Y=

jquery@>=1.12.0, jquery@^3.5.0:
  version "3.6.0"
  resolved "https://registry.yarnpkg.com/jquery/-/jquery-3.6.0.tgz#c72a09f15c1bdce142f49dbf1170bdf8adac2470"
  integrity sha512-JVzAR/AjBvVt2BmYhxRCSYysDsPcssdmTFnzyLEts9qNwmjmu4JTAMYubEfwVOSwpQ1I1sKKFcxhZCI2buerfw==

"pace-js@https://github.com/masgeek/pace#v1.3.1":
  version "1.2.4"
  resolved "https://github.com/masgeek/pace#8835ae50ccfe4583c5ef521b5286e6637bcf24dd"

printthis@^0.1.5:
  version "0.1.5"
  resolved "https://registry.yarnpkg.com/printthis/-/printthis-0.1.5.tgz#9d10b17537f278f0f10c4bcbe8d199e48ccb538d"
  integrity sha1-nRCxdTfyePDxDEvL6NGZ5IzLU40=

punycode@^2.1.1:
  version "2.1.1"
  resolved "https://registry.yarnpkg.com/punycode/-/punycode-2.1.1.tgz#b58b010ac40c22c5657616c8d2c2c02c7bf479ec"
  integrity sha512-XRsRjdf+j5ml+y/6GKHPZbrF/8p2Yga0JPtdqTIY2Xe5ohJPD9saDJJLPvp9+NSBprVvevdXZybnj2cv8OEd0A==

select2-bootstrap-theme@^0.1.0-beta.10:
  version "0.1.0-beta.10"
  resolved "https://registry.yarnpkg.com/select2-bootstrap-theme/-/select2-bootstrap-theme-0.1.0-beta.10.tgz#b9426ecfc03bf4a235e76a132377574310469ac0"
  integrity sha1-uUJuz8A79KI152oTI3dXQxBGmsA=

"sms-counter@https://github.com/karthikbodu/sms-counter#master":
  version "1.0.0"
  resolved "https://github.com/karthikbodu/sms-counter#f3323b108e98e5c2f1f307e54f8866c6f45aab46"

sweetalert2@^10.15.5:
  version "10.16.9"
  resolved "https://registry.yarnpkg.com/sweetalert2/-/sweetalert2-10.16.9.tgz#8ed86f2fa811a136667a48357e204348705be8c9"
  integrity sha512-oNe+md5tmmS3fGfVHa7gVPlun7Td2oANSacnZCeghnrr3OHBi6UPVPU+GFrymwaDqwQspACilLRmRnM7aTjNPA==

toastr@^2.1.4:
  version "2.1.4"
  resolved "https://registry.yarnpkg.com/toastr/-/toastr-2.1.4.tgz#8b43be64fb9d0c414871446f2db8e8ca4e95f181"
  integrity sha1-i0O+ZPudDEFIcURvLbjoyk6V8YE=
  dependencies:
    jquery ">=1.12.0"

yii2-pjax@^2.0.7:
  version "2.0.7"
  resolved "https://registry.yarnpkg.com/yii2-pjax/-/yii2-pjax-2.0.7.tgz#fe1f8350aed1c11c6ecdd14dadad03bd8b13b19a"
  integrity sha1-/h+DUK7RwRxuzdFNra0DvYsTsZo=
